lockfileVersion: '9.0'

settings:
  autoInstallPeers: true
  excludeLinksFromLockfile: false

importers:

  .:
    dependencies:
      '@hono/node-server':
        specifier: ^2.0.0
        version: 2.0.0(hono@4.12.15)
      commander:
        specifier: ^14.0.3
        version: 14.0.3
      consola:
        specifier: ^3.4.2
        version: 3.4.2
      hono:
        specifier: ^4.12.15
        version: 4.12.15
      ws:
        specifier: ^8.20.0
        version: 8.20.0
    devDependencies:
      prettier:
        specifier: ^3.8.3
        version: 3.8.3

packages:

  '@hono/node-server@2.0.0':
    resolution: {integrity: sha512-n3GfHwwCvHCkGmOwKfxUPOlbfzuO64Sbc5XC4NGPIXxkuOnJrdgExdRKmHfF924r914WRJPT397GdqLvdYTeyQ==}
    engines: {node: '>=20'}
    peerDependencies:
      hono: ^4

  commander@14.0.3:
    resolution: {integrity: sha512-H+y0Jo/T1RZ9qPP4Eh1pkcQcLRglraJaSLoyOtHxu6AapkjWVCy2Sit1QQ4x3Dng8qDlSsZEet7g5Pq06MvTgw==}
    engines: {node: '>=20'}

  consola@3.4.2:
    resolution: {integrity: sha512-5IKcdX0nnYavi6G7TtOhwkYzyjfJlatbjMjuLSfE2kYT5pMDOilZ4OvMhi637CcDICTmz3wARPoyhqyX1Y+XvA==}
    engines: {node: ^14.18.0 || >=16.10.0}

  hono@4.12.15:
    resolution: {integrity: sha512-qM0jDhFEaCBb4TxoW7f53Qrpv9RBiayUHo0S52JudprkhvpjIrGoU1mnnr29Fvd1U335ZFPZQY1wlkqgfGXyLg==}
    engines: {node: '>=16.9.0'}

  prettier@3.8.3:
    resolution: {integrity: sha512-7igPTM53cGHMW8xWuVTydi2KO233VFiTNyF5hLJqpilHfmn8C8gPf+PS7dUT64YcXFbiMGZxS9pCSxL/Dxm/Jw==}
    engines: {node: '>=14'}
    hasBin: true

  ws@8.20.0:
    resolution: {integrity: sha512-sAt8BhgNbzCtgGbt2OxmpuryO63ZoDk/sqaB/znQm94T4fCEsy/yV+7CdC1kJhOU9lboAEU7R3kquuycDoibVA==}
    engines: {node: '>=10.0.0'}
    peerDependencies:
      bufferutil: ^4.0.1
      utf-8-validate: '>=5.0.2'
    peerDependenciesMeta:
      bufferutil:
        optional: true
      utf-8-validate:
        optional: true

snapshots:

  '@hono/node-server@2.0.0(hono@4.12.15)':
    dependencies:
      hono: 4.12.15

  commander@14.0.3: {}

  consola@3.4.2: {}

  hono@4.12.15: {}

  prettier@3.8.3: {}

  ws@8.20.0: {}
